// !$*UTF8*$!
{
	archiveVersion = 1;
	classes = {
	};
	objectVersion = 50;
	objects = {

/* Begin PBXBuildFile section */
		CF02BAB72637F46500DC4BF3 /* AppDelegate.swift in Sources */ = {isa = PBXBuildFile; fileRef = CF02BAB62637F46500DC4BF3 /* AppDelegate.swift */; };
		CF02BAB92637F46500DC4BF3 /* SceneDelegate.swift in Sources */ = {isa = PBXBuildFile; fileRef = CF02BAB82637F46500DC4BF3 /* SceneDelegate.swift */; };
		CF02BABB2637F46500DC4BF3 /* ViewController.swift in Sources */ = {isa = PBXBuildFile; fileRef = CF02BABA2637F46500DC4BF3 /* ViewController.swift */; };
		CF02BABE2637F46500DC4BF3 /* Main.storyboard in Resources */ = {isa = PBXBuildFile; fileRef = CF02BABC2637F46500DC4BF3 /* Main.storyboard */; };
		CF02BAC02637F46B00DC4BF3 /* Assets.xcassets in Resources */ = {isa = PBXBuildFile; fileRef = CF02BABF2637F46B00DC4BF3 /* Assets.xcassets */; };
		CF02BAC32637F46B00DC4BF3 /* LaunchScreen.storyboard in Resources */ = {isa = PBXBuildFile; fileRef = CF02BAC12637F46B00DC4BF3 /* LaunchScreen.storyboard */; };
		CF02BACE2637F46B00DC4BF3 /* WikiFilmsTests.swift in Sources */ = {isa = PBXBuildFile; fileRef = CF02BACD2637F46B00DC4BF3 /* WikiFilmsTests.swift */; };
		CF02BAD92637F46B00DC4BF3 /* WikiFilmsUITests.swift in Sources */ = {isa = PBXBuildFile; fileRef = CF02BAD82637F46B00DC4BF3 /* WikiFilmsUITests.swift */; };
		CF02BAED2637FDFD00DC4BF3 /* CategoriesRepository.swift in Sources */ = {isa = PBXBuildFile; fileRef = CF02BAEC2637FDFD00DC4BF3 /* CategoriesRepository.swift */; };
		CF02BAF52637FEE600DC4BF3 /* MoviesRepository.swift in Sources */ = {isa = PBXBuildFile; fileRef = CF02BAF42637FEE600DC4BF3 /* MoviesRepository.swift */; };
		CF02BAFA2637FFE400DC4BF3 /* NetworkManager.swift in Sources */ = {isa = PBXBuildFile; fileRef = CF02BAF92637FFE400DC4BF3 /* NetworkManager.swift */; };
		CF02BAFF263800D200DC4BF3 /* APIManager.swift in Sources */ = {isa = PBXBuildFile; fileRef = CF02BAFE263800D200DC4BF3 /* APIManager.swift */; };
		CF02BB042638014800DC4BF3 /* ImageCacheManager.swift in Sources */ = {isa = PBXBuildFile; fileRef = CF02BB032638014800DC4BF3 /* ImageCacheManager.swift */; };
		CF02BB0B263802A400DC4BF3 /* TitleCollectionViewCell.swift in Sources */ = {isa = PBXBuildFile; fileRef = CF02BB0A263802A400DC4BF3 /* TitleCollectionViewCell.swift */; };
		CF02BB142638052B00DC4BF3 /* CategoryCollectionViewCell.swift in Sources */ = {isa = PBXBuildFile; fileRef = CF02BB132638052B00DC4BF3 /* CategoryCollectionViewCell.swift */; };
		CF02BB1D2638060500DC4BF3 /* CategoryTitleTableViewCell.swift in Sources */ = {isa = PBXBuildFile; fileRef = CF02BB1C2638060500DC4BF3 /* CategoryTitleTableViewCell.swift */; };
		CF02BB26263806FF00DC4BF3 /* MovieTableViewCell.swift in Sources */ = {isa = PBXBuildFile; fileRef = CF02BB25263806FF00DC4BF3 /* MovieTableViewCell.swift */; };
		CF02BB32263808AB00DC4BF3 /* MovieViewController.swift in Sources */ = {isa = PBXBuildFile; fileRef = CF02BB31263808AB00DC4BF3 /* MovieViewController.swift */; };
		CF02BB3A2638098700DC4BF3 /* ListViewController.swift in Sources */ = {isa = PBXBuildFile; fileRef = CF02BB392638098700DC4BF3 /* ListViewController.swift */; };
		CF02BB3F26380A4100DC4BF3 /* CategoriesViewController.swift in Sources */ = {isa = PBXBuildFile; fileRef = CF02BB3E26380A4100DC4BF3 /* CategoriesViewController.swift */; };
		CF02BB4A26380CB900DC4BF3 /* Movie.swift in Sources */ = {isa = PBXBuildFile; fileRef = CF02BB4926380CB900DC4BF3 /* Movie.swift */; };
		CF02BB4F26380D2600DC4BF3 /* Category.swift in Sources */ = {isa = PBXBuildFile; fileRef = CF02BB4E26380D2600DC4BF3 /* Category.swift */; };
		CF02BB5526380DB600DC4BF3 /* MovieListResponse.swift in Sources */ = {isa = PBXBuildFile; fileRef = CF02BB5426380DB600DC4BF3 /* MovieListResponse.swift */; };
		CF02BB5A26380E3300DC4BF3 /* MovieDetailsResponse.swift in Sources */ = {isa = PBXBuildFile; fileRef = CF02BB5926380E3300DC4BF3 /* MovieDetailsResponse.swift */; };
		CF02BB5F26380E7200DC4BF3 /* MovieVideosResponse.swift in Sources */ = {isa = PBXBuildFile; fileRef = CF02BB5E26380E7200DC4BF3 /* MovieVideosResponse.swift */; };
		CF02BB6426380EB400DC4BF3 /* CategoryListResponse.swift in Sources */ = {isa = PBXBuildFile; fileRef = CF02BB6326380EB300DC4BF3 /* CategoryListResponse.swift */; };
		CF02BB69263814F400DC4BF3 /* MovieTableViewCell.xib in Resources */ = {isa = PBXBuildFile; fileRef = CF02BB68263814F400DC4BF3 /* MovieTableViewCell.xib */; };
		CF02BB6E263815ED00DC4BF3 /* CategoryTitleTableViewCell.xib in Resources */ = {isa = PBXBuildFile; fileRef = CF02BB6D263815ED00DC4BF3 /* CategoryTitleTableViewCell.xib */; };
		CF02BB73263816A200DC4BF3 /* CategoryCollectionViewCell.xib in Resources */ = {isa = PBXBuildFile; fileRef = CF02BB72263816A200DC4BF3 /* CategoryCollectionViewCell.xib */; };
		CF02BB78263817B000DC4BF3 /* TitleCollectionViewCell.xib in Resources */ = {isa = PBXBuildFile; fileRef = CF02BB77263817B000DC4BF3 /* TitleCollectionViewCell.xib */; };
/* End PBXBuildFile section */

/* Begin PBXContainerItemProxy section */
		CF02BACA2637F46B00DC4BF3 /* PBXContainerItemProxy */ = {
			isa = PBXContainerItemProxy;
			containerPortal = CF02BAAB2637F46500DC4BF3 /* Project object */;
			proxyType = 1;
			remoteGlobalIDString = CF02BAB22637F46500DC4BF3;
			remoteInfo = WikiFilms;
		};
		CF02BAD52637F46B00DC4BF3 /* PBXContainerItemProxy */ = {
			isa = PBXContainerItemProxy;
			containerPortal = CF02BAAB2637F46500DC4BF3 /* Project object */;
			proxyType = 1;
			remoteGlobalIDString = CF02BAB22637F46500DC4BF3;
			remoteInfo = WikiFilms;
		};
/* End PBXContainerItemProxy section */

/* Begin PBXFileReference section */
		CF02BAB32637F46500DC4BF3 /* WikiFilms.app */ = {isa = PBXFileReference; explicitFileType = wrapper.application; includeInIndex = 0; path = WikiFilms.app; sourceTree = BUILT_PRODUCTS_DIR; };
		CF02BAB62637F46500DC4BF3 /* AppDelegate.swift */ = {isa = PBXFileReference; lastKnownFileType = sourcecode.swift; path = AppDelegate.swift; sourceTree = "<group>"; };
		CF02BAB82637F46500DC4BF3 /* SceneDelegate.swift */ = {isa = PBXFileReference; lastKnownFileType = sourcecode.swift; path = SceneDelegate.swift; sourceTree = "<group>"; };
		CF02BABA2637F46500DC4BF3 /* ViewController.swift */ = {isa = PBXFileReference; lastKnownFileType = sourcecode.swift; path = ViewController.swift; sourceTree = "<group>"; };
		CF02BABD2637F46500DC4BF3 /* Base */ = {isa = PBXFileReference; lastKnownFileType = file.storyboard; name = Base; path = Base.lproj/Main.storyboard; sourceTree = "<group>"; };
		CF02BABF2637F46B00DC4BF3 /* Assets.xcassets */ = {isa = PBXFileReference; lastKnownFileType = folder.assetcatalog; path = Assets.xcassets; sourceTree = "<group>"; };
		CF02BAC22637F46B00DC4BF3 /* Base */ = {isa = PBXFileReference; lastKnownFileType = file.storyboard; name = Base; path = Base.lproj/LaunchScreen.storyboard; sourceTree = "<group>"; };
		CF02BAC42637F46B00DC4BF3 /* Info.plist */ = {isa = PBXFileReference; lastKnownFileType = text.plist.xml; path = Info.plist; sourceTree = "<group>"; };
		CF02BAC92637F46B00DC4BF3 /* WikiFilmsTests.xctest */ = {isa = PBXFileReference; explicitFileType = wrapper.cfbundle; includeInIndex = 0; path = WikiFilmsTests.xctest; sourceTree = BUILT_PRODUCTS_DIR; };
		CF02BACD2637F46B00DC4BF3 /* WikiFilmsTests.swift */ = {isa = PBXFileReference; lastKnownFileType = sourcecode.swift; path = WikiFilmsTests.swift; sourceTree = "<group>"; };
		CF02BACF2637F46B00DC4BF3 /* Info.plist */ = {isa = PBXFileReference; lastKnownFileType = text.plist.xml; path = Info.plist; sourceTree = "<group>"; };
		CF02BAD42637F46B00DC4BF3 /* WikiFilmsUITests.xctest */ = {isa = PBXFileReference; explicitFileType = wrapper.cfbundle; includeInIndex = 0; path = WikiFilmsUITests.xctest; sourceTree = BUILT_PRODUCTS_DIR; };
		CF02BAD82637F46B00DC4BF3 /* WikiFilmsUITests.swift */ = {isa = PBXFileReference; lastKnownFileType = sourcecode.swift; path = WikiFilmsUITests.swift; sourceTree = "<group>"; };
		CF02BADA2637F46B00DC4BF3 /* Info.plist */ = {isa = PBXFileReference; lastKnownFileType = text.plist.xml; path = Info.plist; sourceTree = "<group>"; };
		CF02BAEC2637FDFD00DC4BF3 /* CategoriesRepository.swift */ = {isa = PBXFileReference; lastKnownFileType = sourcecode.swift; path = CategoriesRepository.swift; sourceTree = "<group>"; };
		CF02BAF42637FEE600DC4BF3 /* MoviesRepository.swift */ = {isa = PBXFileReference; lastKnownFileType = sourcecode.swift; path = MoviesRepository.swift; sourceTree = "<group>"; };
		CF02BAF92637FFE400DC4BF3 /* NetworkManager.swift */ = {isa = PBXFileReference; lastKnownFileType = sourcecode.swift; path = NetworkManager.swift; sourceTree = "<group>"; };
		CF02BAFE263800D200DC4BF3 /* APIManager.swift */ = {isa = PBXFileReference; lastKnownFileType = sourcecode.swift; path = APIManager.swift; sourceTree = "<group>"; };
		CF02BB032638014800DC4BF3 /* ImageCacheManager.swift */ = {isa = PBXFileReference; lastKnownFileType = sourcecode.swift; path = ImageCacheManager.swift; sourceTree = "<group>"; };
		CF02BB0A263802A400DC4BF3 /* TitleCollectionViewCell.swift */ = {isa = PBXFileReference; lastKnownFileType = sourcecode.swift; path = TitleCollectionViewCell.swift; sourceTree = "<group>"; };
		CF02BB132638052B00DC4BF3 /* CategoryCollectionViewCell.swift */ = {isa = PBXFileReference; lastKnownFileType = sourcecode.swift; path = CategoryCollectionViewCell.swift; sourceTree = "<group>"; };
		CF02BB1C2638060500DC4BF3 /* CategoryTitleTableViewCell.swift */ = {isa = PBXFileReference; lastKnownFileType = sourcecode.swift; path = CategoryTitleTableViewCell.swift; sourceTree = "<group>"; };
		CF02BB25263806FF00DC4BF3 /* MovieTableViewCell.swift */ = {isa = PBXFileReference; lastKnownFileType = sourcecode.swift; path = MovieTableViewCell.swift; sourceTree = "<group>"; };
		CF02BB31263808AB00DC4BF3 /* MovieViewController.swift */ = {isa = PBXFileReference; lastKnownFileType = sourcecode.swift; path = MovieViewController.swift; sourceTree = "<group>"; };
		CF02BB392638098700DC4BF3 /* ListViewController.swift */ = {isa = PBXFileReference; lastKnownFileType = sourcecode.swift; path = ListViewController.swift; sourceTree = "<group>"; };
		CF02BB3E26380A4100DC4BF3 /* CategoriesViewController.swift */ = {isa = PBXFileReference; lastKnownFileType = sourcecode.swift; path = CategoriesViewController.swift; sourceTree = "<group>"; };
		CF02BB4926380CB900DC4BF3 /* Movie.swift */ = {isa = PBXFileReference; lastKnownFileType = sourcecode.swift; path = Movie.swift; sourceTree = "<group>"; };
		CF02BB4E26380D2600DC4BF3 /* Category.swift */ = {isa = PBXFileReference; lastKnownFileType = sourcecode.swift; path = Category.swift; sourceTree = "<group>"; };
		CF02BB5426380DB600DC4BF3 /* MovieListResponse.swift */ = {isa = PBXFileReference; lastKnownFileType = sourcecode.swift; path = MovieListResponse.swift; sourceTree = "<group>"; };
		CF02BB5926380E3300DC4BF3 /* MovieDetailsResponse.swift */ = {isa = PBXFileReference; lastKnownFileType = sourcecode.swift; path = MovieDetailsResponse.swift; sourceTree = "<group>"; };
		CF02BB5E26380E7200DC4BF3 /* MovieVideosResponse.swift */ = {isa = PBXFileReference; lastKnownFileType = sourcecode.swift; path = MovieVideosResponse.swift; sourceTree = "<group>"; };
		CF02BB6326380EB300DC4BF3 /* CategoryListResponse.swift */ = {isa = PBXFileReference; lastKnownFileType = sourcecode.swift; path = CategoryListResponse.swift; sourceTree = "<group>"; };
		CF02BB68263814F400DC4BF3 /* MovieTableViewCell.xib */ = {isa = PBXFileReference; lastKnownFileType = file.xib; path = MovieTableViewCell.xib; sourceTree = "<group>"; };
		CF02BB6D263815ED00DC4BF3 /* CategoryTitleTableViewCell.xib */ = {isa = PBXFileReference; lastKnownFileType = file.xib; path = CategoryTitleTableViewCell.xib; sourceTree = "<group>"; };
		CF02BB72263816A200DC4BF3 /* CategoryCollectionViewCell.xib */ = {isa = PBXFileReference; lastKnownFileType = file.xib; path = CategoryCollectionViewCell.xib; sourceTree = "<group>"; };
		CF02BB77263817B000DC4BF3 /* TitleCollectionViewCell.xib */ = {isa = PBXFileReference; lastKnownFileType = file.xib; path = TitleCollectionViewCell.xib; sourceTree = "<group>"; };
/* End PBXFileReference section */

/* Begin PBXFrameworksBuildPhase section */
		CF02BAB02637F46500DC4BF3 /* Frameworks */ = {
			isa = PBXFrameworksBuildPhase;
			buildActionMask = 2147483647;
			files = (
			);
			runOnlyForDeploymentPostprocessing = 0;
		};
		CF02BAC62637F46B00DC4BF3 /* Frameworks */ = {
			isa = PBXFrameworksBuildPhase;
			buildActionMask = 2147483647;
			files = (
			);
			runOnlyForDeploymentPostprocessing = 0;
		};
		CF02BAD12637F46B00DC4BF3 /* Frameworks */ = {
			isa = PBXFrameworksBuildPhase;
			buildActionMask = 2147483647;
			files = (
			);
			runOnlyForDeploymentPostprocessing = 0;
		};
/* End PBXFrameworksBuildPhase section */

/* Begin PBXGroup section */
		CF02BAAA2637F46500DC4BF3 = {
			isa = PBXGroup;
			children = (
				CF02BAB52637F46500DC4BF3 /* WikiFilms */,
				CF02BACC2637F46B00DC4BF3 /* WikiFilmsTests */,
				CF02BAD72637F46B00DC4BF3 /* WikiFilmsUITests */,
				CF02BAB42637F46500DC4BF3 /* Products */,
			);
			sourceTree = "<group>";
		};
		CF02BAB42637F46500DC4BF3 /* Products */ = {
			isa = PBXGroup;
			children = (
				CF02BAB32637F46500DC4BF3 /* WikiFilms.app */,
				CF02BAC92637F46B00DC4BF3 /* WikiFilmsTests.xctest */,
				CF02BAD42637F46B00DC4BF3 /* WikiFilmsUITests.xctest */,
			);
			name = Products;
			sourceTree = "<group>";
		};
		CF02BAB52637F46500DC4BF3 /* WikiFilms */ = {
			isa = PBXGroup;
			children = (
				CF02BB4826380CAB00DC4BF3 /* Models */,
				CF02BB4726380C7100DC4BF3 /* Ressources */,
				CF02BB4326380B0300DC4BF3 /* Supporting Files */,
				CF02BB302638089000DC4BF3 /* Controllers */,
				CF02BB08263801E800DC4BF3 /* Views */,
				CF02BAEB2637FBA100DC4BF3 /* Network */,
				CF02BABA2637F46500DC4BF3 /* ViewController.swift */,
			);
			path = WikiFilms;
			sourceTree = "<group>";
		};
		CF02BACC2637F46B00DC4BF3 /* WikiFilmsTests */ = {
			isa = PBXGroup;
			children = (
				CF02BACD2637F46B00DC4BF3 /* WikiFilmsTests.swift */,
				CF02BACF2637F46B00DC4BF3 /* Info.plist */,
			);
			path = WikiFilmsTests;
			sourceTree = "<group>";
		};
		CF02BAD72637F46B00DC4BF3 /* WikiFilmsUITests */ = {
			isa = PBXGroup;
			children = (
				CF02BAD82637F46B00DC4BF3 /* WikiFilmsUITests.swift */,
				CF02BADA2637F46B00DC4BF3 /* Info.plist */,
			);
			path = WikiFilmsUITests;
			sourceTree = "<group>";
		};
		CF02BAEB2637FBA100DC4BF3 /* Network */ = {
			isa = PBXGroup;
			children = (
				CF02BAEC2637FDFD00DC4BF3 /* CategoriesRepository.swift */,
				CF02BAF42637FEE600DC4BF3 /* MoviesRepository.swift */,
				CF02BAF92637FFE400DC4BF3 /* NetworkManager.swift */,
				CF02BAFE263800D200DC4BF3 /* APIManager.swift */,
				CF02BB032638014800DC4BF3 /* ImageCacheManager.swift */,
			);
			path = Network;
			sourceTree = "<group>";
		};
		CF02BB08263801E800DC4BF3 /* Views */ = {
			isa = PBXGroup;
			children = (
				CF02BABC2637F46500DC4BF3 /* Main.storyboard */,
				CF02BB242638069E00DC4BF3 /* MovieTableViewCell */,
				CF02BB1B2638059400DC4BF3 /* CategoryTitleTableViewCell */,
				CF02BB12263804A200DC4BF3 /* CategoryCollectionViewCell */,
				CF02BB09263801F200DC4BF3 /* TitleCollectionViewCell */,
			);
			path = Views;
			sourceTree = "<group>";
		};
		CF02BB09263801F200DC4BF3 /* TitleCollectionViewCell */ = {
			isa = PBXGroup;
			children = (
				CF02BB0A263802A400DC4BF3 /* TitleCollectionViewCell.swift */,
				CF02BB77263817B000DC4BF3 /* TitleCollectionViewCell.xib */,
			);
			path = TitleCollectionViewCell;
			sourceTree = "<group>";
		};
		CF02BB12263804A200DC4BF3 /* CategoryCollectionViewCell */ = {
			isa = PBXGroup;
			children = (
				CF02BB132638052B00DC4BF3 /* CategoryCollectionViewCell.swift */,
				CF02BB72263816A200DC4BF3 /* CategoryCollectionViewCell.xib */,
			);
			path = CategoryCollectionViewCell;
			sourceTree = "<group>";
		};
		CF02BB1B2638059400DC4BF3 /* CategoryTitleTableViewCell */ = {
			isa = PBXGroup;
			children = (
				CF02BB1C2638060500DC4BF3 /* CategoryTitleTableViewCell.swift */,
				CF02BB6D263815ED00DC4BF3 /* CategoryTitleTableViewCell.xib */,
			);
			path = CategoryTitleTableViewCell;
			sourceTree = "<group>";
		};
		CF02BB242638069E00DC4BF3 /* MovieTableViewCell */ = {
			isa = PBXGroup;
			children = (
				CF02BB25263806FF00DC4BF3 /* MovieTableViewCell.swift */,
				CF02BB68263814F400DC4BF3 /* MovieTableViewCell.xib */,
			);
			path = MovieTableViewCell;
			sourceTree = "<group>";
		};
		CF02BB302638089000DC4BF3 /* Controllers */ = {
			isa = PBXGroup;
			children = (
				CF02BB31263808AB00DC4BF3 /* MovieViewController.swift */,
				CF02BB392638098700DC4BF3 /* ListViewController.swift */,
				CF02BB3E26380A4100DC4BF3 /* CategoriesViewController.swift */,
			);
			path = Controllers;
			sourceTree = "<group>";
		};
		CF02BB4326380B0300DC4BF3 /* Supporting Files */ = {
			isa = PBXGroup;
			children = (
				CF02BAB82637F46500DC4BF3 /* SceneDelegate.swift */,
				CF02BAB62637F46500DC4BF3 /* AppDelegate.swift */,
				CF02BAC42637F46B00DC4BF3 /* Info.plist */,
				CF02BAC12637F46B00DC4BF3 /* LaunchScreen.storyboard */,
			);
			path = "Supporting Files";
			sourceTree = "<group>";
		};
		CF02BB4726380C7100DC4BF3 /* Ressources */ = {
			isa = PBXGroup;
			children = (
				CF02BABF2637F46B00DC4BF3 /* Assets.xcassets */,
			);
			path = Ressources;
			sourceTree = "<group>";
		};
		CF02BB4826380CAB00DC4BF3 /* Models */ = {
			isa = PBXGroup;
			children = (
				CF02BB5326380D8F00DC4BF3 /* API */,
				CF02BB4926380CB900DC4BF3 /* Movie.swift */,
				CF02BB4E26380D2600DC4BF3 /* Category.swift */,
			);
			path = Models;
			sourceTree = "<group>";
		};
		CF02BB5326380D8F00DC4BF3 /* API */ = {
			isa = PBXGroup;
			children = (
				CF02BB5426380DB600DC4BF3 /* MovieListResponse.swift */,
				CF02BB5926380E3300DC4BF3 /* MovieDetailsResponse.swift */,
				CF02BB5E26380E7200DC4BF3 /* MovieVideosResponse.swift */,
				CF02BB6326380EB300DC4BF3 /* CategoryListResponse.swift */,
			);
			path = API;
			sourceTree = "<group>";
		};
/* End PBXGroup section */

/* Begin PBXNativeTarget section */
		CF02BAB22637F46500DC4BF3 /* WikiFilms */ = {
			isa = PBXNativeTarget;
			buildConfigurationList = CF02BADD2637F46B00DC4BF3 /* Build configuration list for PBXNativeTarget "WikiFilms" */;
			buildPhases = (
				CF02BAAF2637F46500DC4BF3 /* Sources */,
				CF02BAB02637F46500DC4BF3 /* Frameworks */,
				CF02BAB12637F46500DC4BF3 /* Resources */,
			);
			buildRules = (
			);
			dependencies = (
			);
			name = WikiFilms;
			productName = WikiFilms;
			productReference = CF02BAB32637F46500DC4BF3 /* WikiFilms.app */;
			productType = "com.apple.product-type.application";
		};
		CF02BAC82637F46B00DC4BF3 /* WikiFilmsTests */ = {
			isa = PBXNativeTarget;
			buildConfigurationList = CF02BAE02637F46B00DC4BF3 /* Build configuration list for PBXNativeTarget "WikiFilmsTests" */;
			buildPhases = (
				CF02BAC52637F46B00DC4BF3 /* Sources */,
				CF02BAC62637F46B00DC4BF3 /* Frameworks */,
				CF02BAC72637F46B00DC4BF3 /* Resources */,
			);
			buildRules = (
			);
			dependencies = (
				CF02BACB2637F46B00DC4BF3 /* PBXTargetDependency */,
			);
			name = WikiFilmsTests;
			productName = WikiFilmsTests;
			productReference = CF02BAC92637F46B00DC4BF3 /* WikiFilmsTests.xctest */;
			productType = "com.apple.product-type.bundle.unit-test";
		};
		CF02BAD32637F46B00DC4BF3 /* WikiFilmsUITests */ = {
			isa = PBXNativeTarget;
			buildConfigurationList = CF02BAE32637F46B00DC4BF3 /* Build configuration list for PBXNativeTarget "WikiFilmsUITests" */;
			buildPhases = (
				CF02BAD02637F46B00DC4BF3 /* Sources */,
				CF02BAD12637F46B00DC4BF3 /* Frameworks */,
				CF02BAD22637F46B00DC4BF3 /* Resources */,
			);
			buildRules = (
			);
			dependencies = (
				CF02BAD62637F46B00DC4BF3 /* PBXTargetDependency */,
			);
			name = WikiFilmsUITests;
			productName = WikiFilmsUITests;
			productReference = CF02BAD42637F46B00DC4BF3 /* WikiFilmsUITests.xctest */;
			productType = "com.apple.product-type.bundle.ui-testing";
		};
/* End PBXNativeTarget section */

/* Begin PBXProject section */
		CF02BAAB2637F46500DC4BF3 /* Project object */ = {
			isa = PBXProject;
			attributes = {
				LastSwiftUpdateCheck = 1240;
				LastUpgradeCheck = 1240;
				TargetAttributes = {
					CF02BAB22637F46500DC4BF3 = {
						CreatedOnToolsVersion = 12.4;
					};
					CF02BAC82637F46B00DC4BF3 = {
						CreatedOnToolsVersion = 12.4;
						TestTargetID = CF02BAB22637F46500DC4BF3;
					};
					CF02BAD32637F46B00DC4BF3 = {
						CreatedOnToolsVersion = 12.4;
						TestTargetID = CF02BAB22637F46500DC4BF3;
					};
				};
			};
			buildConfigurationList = CF02BAAE2637F46500DC4BF3 /* Build configuration list for PBXProject "WikiFilms" */;
			compatibilityVersion = "Xcode 9.3";
			developmentRegion = en;
			hasScannedForEncodings = 0;
			knownRegions = (
				en,
				Base,
			);
			mainGroup = CF02BAAA2637F46500DC4BF3;
			productRefGroup = CF02BAB42637F46500DC4BF3 /* Products */;
			projectDirPath = "";
			projectRoot = "";
			targets = (
				CF02BAB22637F46500DC4BF3 /* WikiFilms */,
				CF02BAC82637F46B00DC4BF3 /* WikiFilmsTests */,
				CF02BAD32637F46B00DC4BF3 /* WikiFilmsUITests */,
			);
		};
/* End PBXProject section */

/* Begin PBXResourcesBuildPhase section */
		CF02BAB12637F46500DC4BF3 /* Resources */ = {
			isa = PBXResourcesBuildPhase;
			buildActionMask = 2147483647;
			files = (
				CF02BB73263816A200DC4BF3 /* CategoryCollectionViewCell.xib in Resources */,
				CF02BAC32637F46B00DC4BF3 /* LaunchScreen.storyboard in Resources */,
				CF02BAC02637F46B00DC4BF3 /* Assets.xcassets in Resources */,
				CF02BB69263814F400DC4BF3 /* MovieTableViewCell.xib in Resources */,
				CF02BABE2637F46500DC4BF3 /* Main.storyboard in Resources */,
				CF02BB78263817B000DC4BF3 /* TitleCollectionViewCell.xib in Resources */,
				CF02BB6E263815ED00DC4BF3 /* CategoryTitleTableViewCell.xib in Resources */,
			);
			runOnlyForDeploymentPostprocessing = 0;
		};
		CF02BAC72637F46B00DC4BF3 /* Resources */ = {
			isa = PBXResourcesBuildPhase;
			buildActionMask = 2147483647;
			files = (
			);
			runOnlyForDeploymentPostprocessing = 0;
		};
		CF02BAD22637F46B00DC4BF3 /* Resources */ = {
			isa = PBXResourcesBuildPhase;
			buildActionMask = 2147483647;
			files = (
			);
			runOnlyForDeploymentPostprocessing = 0;
		};
/* End PBXResourcesBuildPhase section */

/* Begin PBXSourcesBuildPhase section */
		CF02BAAF2637F46500DC4BF3 /* Sources */ = {
			isa = PBXSourcesBuildPhase;
			buildActionMask = 2147483647;
			files = (
				CF02BB32263808AB00DC4BF3 /* MovieViewController.swift in Sources */,
				CF02BB5F26380E7200DC4BF3 /* MovieVideosResponse.swift in Sources */,
				CF02BB5A26380E3300DC4BF3 /* MovieDetailsResponse.swift in Sources */,
				CF02BAFA2637FFE400DC4BF3 /* NetworkManager.swift in Sources */,
				CF02BABB2637F46500DC4BF3 /* ViewController.swift in Sources */,
				CF02BB26263806FF00DC4BF3 /* MovieTableViewCell.swift in Sources */,
				CF02BAF52637FEE600DC4BF3 /* MoviesRepository.swift in Sources */,
				CF02BAB72637F46500DC4BF3 /* AppDelegate.swift in Sources */,
				CF02BB4A26380CB900DC4BF3 /* Movie.swift in Sources */,
				CF02BB3A2638098700DC4BF3 /* ListViewController.swift in Sources */,
				CF02BB042638014800DC4BF3 /* ImageCacheManager.swift in Sources */,
				CF02BAB92637F46500DC4BF3 /* SceneDelegate.swift in Sources */,
				CF02BB142638052B00DC4BF3 /* CategoryCollectionViewCell.swift in Sources */,
				CF02BB4F26380D2600DC4BF3 /* Category.swift in Sources */,
				CF02BB0B263802A400DC4BF3 /* TitleCollectionViewCell.swift in Sources */,
				CF02BB5526380DB600DC4BF3 /* MovieListResponse.swift in Sources */,
				CF02BAED2637FDFD00DC4BF3 /* CategoriesRepository.swift in Sources */,
				CF02BAFF263800D200DC4BF3 /* APIManager.swift in Sources */,
				CF02BB1D2638060500DC4BF3 /* CategoryTitleTableViewCell.swift in Sources */,
				CF02BB3F26380A4100DC4BF3 /* CategoriesViewController.swift in Sources */,
				CF02BB6426380EB400DC4BF3 /* CategoryListResponse.swift in Sources */,
			);
			runOnlyForDeploymentPostprocessing = 0;
		};
		CF02BAC52637F46B00DC4BF3 /* Sources */ = {
			isa = PBXSourcesBuildPhase;
			buildActionMask = 2147483647;
			files = (
				CF02BACE2637F46B00DC4BF3 /* WikiFilmsTests.swift in Sources */,
			);
			runOnlyForDeploymentPostprocessing = 0;
		};
		CF02BAD02637F46B00DC4BF3 /* Sources */ = {
			isa = PBXSourcesBuildPhase;
			buildActionMask = 2147483647;
			files = (
				CF02BAD92637F46B00DC4BF3 /* WikiFilmsUITests.swift in Sources */,
			);
			runOnlyForDeploymentPostprocessing = 0;
		};
/* End PBXSourcesBuildPhase section */

/* Begin PBXTargetDependency section */
		CF02BACB2637F46B00DC4BF3 /* PBXTargetDependency */ = {
			isa = PBXTargetDependency;
			target = CF02BAB22637F46500DC4BF3 /* WikiFilms */;
			targetProxy = CF02BACA2637F46B00DC4BF3 /* PBXContainerItemProxy */;
		};
		CF02BAD62637F46B00DC4BF3 /* PBXTargetDependency */ = {
			isa = PBXTargetDependency;
			target = CF02BAB22637F46500DC4BF3 /* WikiFilms */;
			targetProxy = CF02BAD52637F46B00DC4BF3 /* PBXContainerItemProxy */;
		};
/* End PBXTargetDependency section */

/* Begin PBXVariantGroup section */
		CF02BABC2637F46500DC4BF3 /* Main.storyboard */ = {
			isa = PBXVariantGroup;
			children = (
				CF02BABD2637F46500DC4BF3 /* Base */,
			);
			name = Main.storyboard;
			sourceTree = "<group>";
		};
		CF02BAC12637F46B00DC4BF3 /* LaunchScreen.storyboard */ = {
			isa = PBXVariantGroup;
			children = (
				CF02BAC22637F46B00DC4BF3 /* Base */,
			);
			name = LaunchScreen.storyboard;
			sourceTree = "<group>";
		};
/* End PBXVariantGroup section */

/* Begin XCBuildConfiguration section */
		CF02BADB2637F46B00DC4BF3 /* Debug */ = {
			isa = XCBuildConfiguration;
			buildSettings = {
				ALWAYS_SEARCH_USER_PATHS = NO;
				CLANG_ANALYZER_NONNULL = YES;
				CLANG_ANALYZER_NUMBER_OBJECT_CONVERSION = YES_AGGRESSIVE;
				CLANG_CXX_LANGUAGE_STANDARD = "gnu++14";
				CLANG_CXX_LIBRARY = "libc++";
				CLANG_ENABLE_MODULES = YES;
				CLANG_ENABLE_OBJC_ARC = YES;
				CLANG_ENABLE_OBJC_WEAK = YES;
				CLANG_WARN_BLOCK_CAPTURE_AUTORELEASING = YES;
				CLANG_WARN_BOOL_CONVERSION = YES;
				CLANG_WARN_COMMA = YES;
				CLANG_WARN_CONSTANT_CONVERSION = YES;
				CLANG_WARN_DEPRECATED_OBJC_IMPLEMENTATIONS = YES;
				CLANG_WARN_DIRECT_OBJC_ISA_USAGE = YES_ERROR;
				CLANG_WARN_DOCUMENTATION_COMMENTS = YES;
				CLANG_WARN_EMPTY_BODY = YES;
				CLANG_WARN_ENUM_CONVERSION = YES;
				CLANG_WARN_INFINITE_RECURSION = YES;
				CLANG_WARN_INT_CONVERSION = YES;
				CLANG_WARN_NON_LITERAL_NULL_CONVERSION = YES;
				CLANG_WARN_OBJC_IMPLICIT_RETAIN_SELF = YES;
				CLANG_WARN_OBJC_LITERAL_CONVERSION = YES;
				CLANG_WARN_OBJC_ROOT_CLASS = YES_ERROR;
				CLANG_WARN_QUOTED_INCLUDE_IN_FRAMEWORK_HEADER = YES;
				CLANG_WARN_RANGE_LOOP_ANALYSIS = YES;
				CLANG_WARN_STRICT_PROTOTYPES = YES;
				CLANG_WARN_SUSPICIOUS_MOVE = YES;
				CLANG_WARN_UNGUARDED_AVAILABILITY = YES_AGGRESSIVE;
				CLANG_WARN_UNREACHABLE_CODE = YES;
				CLANG_WARN__DUPLICATE_METHOD_MATCH = YES;
				COPY_PHASE_STRIP = NO;
				DEBUG_INFORMATION_FORMAT = dwarf;
				ENABLE_STRICT_OBJC_MSGSEND = YES;
				ENABLE_TESTABILITY = YES;
				GCC_C_LANGUAGE_STANDARD = gnu11;
				GCC_DYNAMIC_NO_PIC = NO;
				GCC_NO_COMMON_BLOCKS = YES;
				GCC_OPTIMIZATION_LEVEL = 0;
				GCC_PREPROCESSOR_DEFINITIONS = (
					"DEBUG=1",
					"$(inherited)",
				);
				GCC_WARN_64_TO_32_BIT_CONVERSION = YES;
				GCC_WARN_ABOUT_RETURN_TYPE = YES_ERROR;
				GCC_WARN_UNDECLARED_SELECTOR = YES;
				GCC_WARN_UNINITIALIZED_AUTOS = YES_AGGRESSIVE;
				GCC_WARN_UNUSED_FUNCTION = YES;
				GCC_WARN_UNUSED_VARIABLE = YES;
				IPHONEOS_DEPLOYMENT_TARGET = 14.4;
				MTL_ENABLE_DEBUG_INFO = INCLUDE_SOURCE;
				MTL_FAST_MATH = YES;
				ONLY_ACTIVE_ARCH = YES;
				SDKROOT = iphoneos;
				SWIFT_ACTIVE_COMPILATION_CONDITIONS = DEBUG;
				SWIFT_OPTIMIZATION_LEVEL = "-Onone";
			};
			name = Debug;
		};
		CF02BADC2637F46B00DC4BF3 /* Release */ = {
			isa = XCBuildConfiguration;
			buildSettings = {
				ALWAYS_SEARCH_USER_PATHS = NO;
				CLANG_ANALYZER_NONNULL = YES;
				CLANG_ANALYZER_NUMBER_OBJECT_CONVERSION = YES_AGGRESSIVE;
				CLANG_CXX_LANGUAGE_STANDARD = "gnu++14";
				CLANG_CXX_LIBRARY = "libc++";
				CLANG_ENABLE_MODULES = YES;
				CLANG_ENABLE_OBJC_ARC = YES;
				CLANG_ENABLE_OBJC_WEAK = YES;
				CLANG_WARN_BLOCK_CAPTURE_AUTORELEASING = YES;
				CLANG_WARN_BOOL_CONVERSION = YES;
				CLANG_WARN_COMMA = YES;
				CLANG_WARN_CONSTANT_CONVERSION = YES;
				CLANG_WARN_DEPRECATED_OBJC_IMPLEMENTATIONS = YES;
				CLANG_WARN_DIRECT_OBJC_ISA_USAGE = YES_ERROR;
				CLANG_WARN_DOCUMENTATION_COMMENTS = YES;
				CLANG_WARN_EMPTY_BODY = YES;
				CLANG_WARN_ENUM_CONVERSION = YES;
				CLANG_WARN_INFINITE_RECURSION = YES;
				CLANG_WARN_INT_CONVERSION = YES;
				CLANG_WARN_NON_LITERAL_NULL_CONVERSION = YES;
				CLANG_WARN_OBJC_IMPLICIT_RETAIN_SELF = YES;
				CLANG_WARN_OBJC_LITERAL_CONVERSION = YES;
				CLANG_WARN_OBJC_ROOT_CLASS = YES_ERROR;
				CLANG_WARN_QUOTED_INCLUDE_IN_FRAMEWORK_HEADER = YES;
				CLANG_WARN_RANGE_LOOP_ANALYSIS = YES;
				CLANG_WARN_STRICT_PROTOTYPES = YES;
				CLANG_WARN_SUSPICIOUS_MOVE = YES;
				CLANG_WARN_UNGUARDED_AVAILABILITY = YES_AGGRESSIVE;
				CLANG_WARN_UNREACHABLE_CODE = YES;
				CLANG_WARN__DUPLICATE_METHOD_MATCH = YES;
				COPY_PHASE_STRIP = NO;
				DEBUG_INFORMATION_FORMAT = "dwarf-with-dsym";
				ENABLE_NS_ASSERTIONS = NO;
				ENABLE_STRICT_OBJC_MSGSEND = YES;
				GCC_C_LANGUAGE_STANDARD = gnu11;
				GCC_NO_COMMON_BLOCKS = YES;
				GCC_WARN_64_TO_32_BIT_CONVERSION = YES;
				GCC_WARN_ABOUT_RETURN_TYPE = YES_ERROR;
				GCC_WARN_UNDECLARED_SELECTOR = YES;
				GCC_WARN_UNINITIALIZED_AUTOS = YES_AGGRESSIVE;
				GCC_WARN_UNUSED_FUNCTION = YES;
				GCC_WARN_UNUSED_VARIABLE = YES;
				IPHONEOS_DEPLOYMENT_TARGET = 14.4;
				MTL_ENABLE_DEBUG_INFO = NO;
				MTL_FAST_MATH = YES;
				SDKROOT = iphoneos;
				SWIFT_COMPILATION_MODE = wholemodule;
				SWIFT_OPTIMIZATION_LEVEL = "-O";
				VALIDATE_PRODUCT = YES;
			};
			name = Release;
		};
		CF02BADE2637F46B00DC4BF3 /* Debug */ = {
			isa = XCBuildConfiguration;
			buildSettings = {
				ASSETCATALOG_COMPILER_APPICON_NAME = AppIcon;
				ASSETCATALOG_COMPILER_GLOBAL_ACCENT_COLOR_NAME = AccentColor;
				CODE_SIGN_STYLE = Automatic;
				INFOPLIST_FILE = "WikiFilms/Supporting Files/Info.plist";
				LD_RUNPATH_SEARCH_PATHS = (
					"$(inherited)",
					"@executable_path/Frameworks",
				);
				PRODUCT_BUNDLE_IDENTIFIER = lucas.encrenaz.WikiFilms;
				PRODUCT_NAME = "$(TARGET_NAME)";
				SWIFT_VERSION = 5.0;
				TARGETED_DEVICE_FAMILY = "1,2";
			};
			name = Debug;
		};
		CF02BADF2637F46B00DC4BF3 /* Release */ = {
			isa = XCBuildConfiguration;
			buildSettings = {
				ASSETCATALOG_COMPILER_APPICON_NAME = AppIcon;
				ASSETCATALOG_COMPILER_GLOBAL_ACCENT_COLOR_NAME = AccentColor;
				CODE_SIGN_STYLE = Automatic;
				INFOPLIST_FILE = "WikiFilms/Supporting Files/Info.plist";
				LD_RUNPATH_SEARCH_PATHS = (
					"$(inherited)",
					"@executable_path/Frameworks",
				);
				PRODUCT_BUNDLE_IDENTIFIER = lucas.encrenaz.WikiFilms;
				PRODUCT_NAME = "$(TARGET_NAME)";
				SWIFT_VERSION = 5.0;
				TARGETED_DEVICE_FAMILY = "1,2";
			};
			name = Release;
		};
		CF02BAE12637F46B00DC4BF3 /* Debug */ = {
			isa = XCBuildConfiguration;
			buildSettings = {
				ALWAYS_EMBED_SWIFT_STANDARD_LIBRARIES = YES;
				BUNDLE_LOADER = "$(TEST_HOST)";
				CODE_SIGN_STYLE = Automatic;
				INFOPLIST_FILE = WikiFilmsTests/Info.plist;
				IPHONEOS_DEPLOYMENT_TARGET = 14.4;
				LD_RUNPATH_SEARCH_PATHS = (
					"$(inherited)",
					"@executable_path/Frameworks",
					"@loader_path/Frameworks",
				);
				PRODUCT_BUNDLE_IDENTIFIER = lucas.encrenaz.WikiFilmsTests;
				PRODUCT_NAME = "$(TARGET_NAME)";
				SWIFT_VERSION = 5.0;
				TARGETED_DEVICE_FAMILY = "1,2";
				TEST_HOST = "$(BUILT_PRODUCTS_DIR)/WikiFilms.app/WikiFilms";
			};
			name = Debug;
		};
		CF02BAE22637F46B00DC4BF3 /* Release */ = {
			isa = XCBuildConfiguration;
			buildSettings = {
				ALWAYS_EMBED_SWIFT_STANDARD_LIBRARIES = YES;
				BUNDLE_LOADER = "$(TEST_HOST)";
				CODE_SIGN_STYLE = Automatic;
				INFOPLIST_FILE = WikiFilmsTests/Info.plist;
				IPHONEOS_DEPLOYMENT_TARGET = 14.4;
				LD_RUNPATH_SEARCH_PATHS = (
					"$(inherited)",
					"@executable_path/Frameworks",
					"@loader_path/Frameworks",
				);
				PRODUCT_BUNDLE_IDENTIFIER = lucas.encrenaz.WikiFilmsTests;
				PRODUCT_NAME = "$(TARGET_NAME)";
				SWIFT_VERSION = 5.0;
				TARGETED_DEVICE_FAMILY = "1,2";
				TEST_HOST = "$(BUILT_PRODUCTS_DIR)/WikiFilms.app/WikiFilms";
			};
			name = Release;
		};
		CF02BAE42637F46B00DC4BF3 /* Debug */ = {
			isa = XCBuildConfiguration;
			buildSettings = {
				ALWAYS_EMBED_SWIFT_STANDARD_LIBRARIES = YES;
				CODE_SIGN_STYLE = Automatic;
				INFOPLIST_FILE = WikiFilmsUITests/Info.plist;
				LD_RUNPATH_SEARCH_PATHS = (
					"$(inherited)",
					"@executable_path/Frameworks",
					"@loader_path/Frameworks",
				);
				PRODUCT_BUNDLE_IDENTIFIER = lucas.encrenaz.WikiFilmsUITests;
				PRODUCT_NAME = "$(TARGET_NAME)";
				SWIFT_VERSION = 5.0;
				TARGETED_DEVICE_FAMILY = "1,2";
				TEST_TARGET_NAME = WikiFilms;
			};
			name = Debug;
		};
		CF02BAE52637F46B00DC4BF3 /* Release */ = {
			isa = XCBuildConfiguration;
			buildSettings = {
				ALWAYS_EMBED_SWIFT_STANDARD_LIBRARIES = YES;
				CODE_SIGN_STYLE = Automatic;
				INFOPLIST_FILE = WikiFilmsUITests/Info.plist;
				LD_RUNPATH_SEARCH_PATHS = (
					"$(inherited)",
					"@executable_path/Frameworks",
					"@loader_path/Frameworks",
				);
				PRODUCT_BUNDLE_IDENTIFIER = lucas.encrenaz.WikiFilmsUITests;
				PRODUCT_NAME = "$(TARGET_NAME)";
				SWIFT_VERSION = 5.0;
				TARGETED_DEVICE_FAMILY = "1,2";
				TEST_TARGET_NAME = WikiFilms;
			};
			name = Release;
		};
/* End XCBuildConfiguration section */

/* Begin XCConfigurationList section */
		CF02BAAE2637F46500DC4BF3 /* Build configuration list for PBXProject "WikiFilms" */ = {
			isa = XCConfigurationList;
			buildConfigurations = (
				CF02BADB2637F46B00DC4BF3 /* Debug */,
				CF02BADC2637F46B00DC4BF3 /* Release */,
			);
			defaultConfigurationIsVisible = 0;
			defaultConfigurationName = Release;
		};
		CF02BADD2637F46B00DC4BF3 /* Build configuration list for PBXNativeTarget "WikiFilms" */ = {
			isa = XCConfigurationList;
			buildConfigurations = (
				CF02BADE2637F46B00DC4BF3 /* Debug */,
				CF02BADF2637F46B00DC4BF3 /* Release */,
			);
			defaultConfigurationIsVisible = 0;
			defaultConfigurationName = Release;
		};
		CF02BAE02637F46B00DC4BF3 /* Build configuration list for PBXNativeTarget "WikiFilmsTests" */ = {
			isa = XCConfigurationList;
			buildConfigurations = (
				CF02BAE12637F46B00DC4BF3 /* Debug */,
				CF02BAE22637F46B00DC4BF3 /* Release */,
			);
			defaultConfigurationIsVisible = 0;
			defaultConfigurationName = Release;
		};
		CF02BAE32637F46B00DC4BF3 /* Build configuration list for PBXNativeTarget "WikiFilmsUITests" */ = {
			isa = XCConfigurationList;
			buildConfigurations = (
				CF02BAE42637F46B00DC4BF3 /* Debug */,
				CF02BAE52637F46B00DC4BF3 /* Release */,
			);
			defaultConfigurationIsVisible = 0;
			defaultConfigurationName = Release;
		};
/* End XCConfigurationList section */
	};
	rootObject = CF02BAAB2637F46500DC4BF3 /* Project object */;
}
